// !$*UTF8*$!
{
	archiveVersion = 1;
	classes = {
	};
	objectVersion = 56;
	objects = {

/* Begin PBXBuildFile section */
		AA0000010000000000000001 /* BodyWeightApp.swift in Sources */ = {isa = PBXBuildFile; fileRef = AA0000020000000000000001 /* BodyWeightApp.swift */; };
		AA0000010000000000000002 /* WeightEntry.swift in Sources */ = {isa = PBXBuildFile; fileRef = AA0000020000000000000002 /* WeightEntry.swift */; };
		AA0000010000000000000003 /* WeightTextParser.swift in Sources */ = {isa = PBXBuildFile; fileRef = AA0000020000000000000003 /* WeightTextParser.swift */; };
		AA0000010000000000000004 /* SpeechRecognitionService.swift in Sources */ = {isa = PBXBuildFile; fileRef = AA0000020000000000000004 /* SpeechRecognitionService.swift */; };
		AA0000010000000000000005 /* PhotoOCRService.swift in Sources */ = {isa = PBXBuildFile; fileRef = AA0000020000000000000005 /* PhotoOCRService.swift */; };
		AA0000010000000000000006 /* CameraPicker.swift in Sources */ = {isa = PBXBuildFile; fileRef = AA0000020000000000000006 /* CameraPicker.swift */; };
		AA0000010000000000000007 /* AddWeightView.swift in Sources */ = {isa = PBXBuildFile; fileRef = AA0000020000000000000007 /* AddWeightView.swift */; };
		AA0000010000000000000008 /* DashboardView.swift in Sources */ = {isa = PBXBuildFile; fileRef = AA0000020000000000000008 /* DashboardView.swift */; };
		AA0000010000000000000009 /* Assets.xcassets in Resources */ = {isa = PBXBuildFile; fileRef = AA0000020000000000000009 /* Assets.xcassets */; };
/* End PBXBuildFile section */

/* Begin PBXFileReference section */
		AA0000020000000000000001 /* BodyWeightApp.swift */ = {isa = PBXFileReference; lastKnownFileType = sourcecode.swift; path = BodyWeightApp.swift; sourceTree = "<group>"; };
		AA0000020000000000000002 /* WeightEntry.swift */ = {isa = PBXFileReference; lastKnownFileType = sourcecode.swift; path = WeightEntry.swift; sourceTree = "<group>"; };
		AA0000020000000000000003 /* WeightTextParser.swift */ = {isa = PBXFileReference; lastKnownFileType = sourcecode.swift; path = WeightTextParser.swift; sourceTree = "<group>"; };
		AA0000020000000000000004 /* SpeechRecognitionService.swift */ = {isa = PBXFileReference; lastKnownFileType = sourcecode.swift; path = SpeechRecognitionService.swift; sourceTree = "<group>"; };
		AA0000020000000000000005 /* PhotoOCRService.swift */ = {isa = PBXFileReference; lastKnownFileType = sourcecode.swift; path = PhotoOCRService.swift; sourceTree = "<group>"; };
		AA0000020000000000000006 /* CameraPicker.swift */ = {isa = PBXFileReference; lastKnownFileType = sourcecode.swift; path = CameraPicker.swift; sourceTree = "<group>"; };
		AA0000020000000000000007 /* AddWeightView.swift */ = {isa = PBXFileReference; lastKnownFileType = sourcecode.swift; path = AddWeightView.swift; sourceTree = "<group>"; };
		AA0000020000000000000008 /* DashboardView.swift */ = {isa = PBXFileReference; lastKnownFileType = sourcecode.swift; path = DashboardView.swift; sourceTree = "<group>"; };
		AA0000020000000000000009 /* Assets.xcassets */ = {isa = PBXFileReference; lastKnownFileType = folder.assetcatalog; path = Assets.xcassets; sourceTree = "<group>"; };
		AA000002000000000000000A /* Info.plist */ = {isa = PBXFileReference; lastKnownFileType = text.plist.xml; path = Info.plist; sourceTree = "<group>"; };
		AA000002000000000000000B /* BodyWeight.entitlements */ = {isa = PBXFileReference; lastKnownFileType = text.plist.entitlements; path = BodyWeight.entitlements; sourceTree = "<group>"; };
		AA000002000000000000000C /* BodyWeight.app */ = {isa = PBXFileReference; explicitFileType = wrapper.application; includeInIndex = 0; path = BodyWeight.app; sourceTree = BUILT_PRODUCTS_DIR; };
		AA000002000000000000000D /* README.md */ = {isa = PBXFileReference; lastKnownFileType = net.daringfireball.markdown; path = README.md; sourceTree = "<group>"; };
/* End PBXFileReference section */

/* Begin PBXFrameworksBuildPhase section */
		AA0000030000000000000001 /* Frameworks */ = {
			isa = PBXFrameworksBuildPhase;
			buildActionMask = 2147483647;
			files = (
			);
			runOnlyForDeploymentPostprocessing = 0;
		};
/* End PBXFrameworksBuildPhase section */

/* Begin PBXGroup section */
		AA0000040000000000000001 = {
			isa = PBXGroup;
			children = (
				AA0000040000000000000002 /* BodyWeight */,
				AA000002000000000000000D /* README.md */,
				AA0000040000000000000007 /* Products */,
			);
			sourceTree = "<group>";
		};
		AA0000040000000000000002 /* BodyWeight */ = {
			isa = PBXGroup;
			children = (
				AA0000020000000000000001 /* BodyWeightApp.swift */,
				AA0000040000000000000003 /* Models */,
				AA0000040000000000000004 /* Services */,
				AA0000040000000000000005 /* Components */,
				AA0000040000000000000006 /* Views */,
				AA0000020000000000000009 /* Assets.xcassets */,
				AA000002000000000000000A /* Info.plist */,
				AA000002000000000000000B /* BodyWeight.entitlements */,
			);
			path = BodyWeight;
			sourceTree = "<group>";
		};
		AA0000040000000000000003 /* Models */ = {
			isa = PBXGroup;
			children = (
				AA0000020000000000000002 /* WeightEntry.swift */,
			);
			path = Models;
			sourceTree = "<group>";
		};
		AA0000040000000000000004 /* Services */ = {
			isa = PBXGroup;
			children = (
				AA0000020000000000000003 /* WeightTextParser.swift */,
				AA0000020000000000000004 /* SpeechRecognitionService.swift */,
				AA0000020000000000000005 /* PhotoOCRService.swift */,
			);
			path = Services;
			sourceTree = "<group>";
		};
		AA0000040000000000000005 /* Components */ = {
			isa = PBXGroup;
			children = (
				AA0000020000000000000006 /* CameraPicker.swift */,
			);
			path = Components;
			sourceTree = "<group>";
		};
		AA0000040000000000000006 /* Views */ = {
			isa = PBXGroup;
			children = (
				AA0000020000000000000007 /* AddWeightView.swift */,
				AA0000020000000000000008 /* DashboardView.swift */,
			);
			path = Views;
			sourceTree = "<group>";
		};
		AA0000040000000000000007 /* Products */ = {
			isa = PBXGroup;
			children = (
				AA000002000000000000000C /* BodyWeight.app */,
			);
			name = Products;
			sourceTree = "<group>";
		};
/* End PBXGroup section */

/* Begin PBXNativeTarget section */
		AA0000050000000000000001 /* BodyWeight */ = {
			isa = PBXNativeTarget;
			buildConfigurationList = AA0000090000000000000002 /* Build configuration list for PBXNativeTarget "BodyWeight" */;
			buildPhases = (
				AA0000060000000000000001 /* Sources */,
				AA0000030000000000000001 /* Frameworks */,
				AA0000070000000000000001 /* Resources */,
			);
			buildRules = (
			);
			dependencies = (
			);
			name = BodyWeight;
			productName = BodyWeight;
			productReference = AA000002000000000000000C /* BodyWeight.app */;
			productType = "com.apple.product-type.application";
		};
/* End PBXNativeTarget section */

/* Begin PBXProject section */
		AA0000080000000000000001 /* Project object */ = {
			isa = PBXProject;
			attributes = {
				BuildIndependentTargetsInParallel = 1;
				LastSwiftUpdateCheck = 2600;
				LastUpgradeCheck = 2600;
				TargetAttributes = {
					AA0000050000000000000001 = {
						CreatedOnToolsVersion = 26.0;
					};
				};
			};
			buildConfigurationList = AA0000090000000000000001 /* Build configuration list for PBXProject "BodyWeight" */;
			compatibilityVersion = "Xcode 14.0";
			developmentRegion = zh-Hans;
			hasScannedForEncodings = 0;
			knownRegions = (
				en,
				Base,
				"zh-Hans",
			);
			mainGroup = AA0000040000000000000001;
			productRefGroup = AA0000040000000000000007 /* Products */;
			projectDirPath = "";
			projectRoot = "";
			targets = (
				AA0000050000000000000001 /* BodyWeight */,
			);
		};
/* End PBXProject section */

/* Begin PBXResourcesBuildPhase section */
		AA0000070000000000000001 /* Resources */ = {
			isa = PBXResourcesBuildPhase;
			buildActionMask = 2147483647;
			files = (
				AA0000010000000000000009 /* Assets.xcassets in Resources */,
			);
			runOnlyForDeploymentPostprocessing = 0;
		};
/* End PBXResourcesBuildPhase section */

/* Begin PBXSourcesBuildPhase section */
		AA0000060000000000000001 /* Sources */ = {
			isa = PBXSourcesBuildPhase;
			buildActionMask = 2147483647;
			files = (
				AA0000010000000000000001 /* BodyWeightApp.swift in Sources */,
				AA0000010000000000000002 /* WeightEntry.swift in Sources */,
				AA0000010000000000000003 /* WeightTextParser.swift in Sources */,
				AA0000010000000000000004 /* SpeechRecognitionService.swift in Sources */,
				AA0000010000000000000005 /* PhotoOCRService.swift in Sources */,
				AA0000010000000000000006 /* CameraPicker.swift in Sources */,
				AA0000010000000000000007 /* AddWeightView.swift in Sources */,
				AA0000010000000000000008 /* DashboardView.swift in Sources */,
			);
			runOnlyForDeploymentPostprocessing = 0;
		};
/* End PBXSourcesBuildPhase section */

/* Begin XCBuildConfiguration section */
		AA00000A0000000000000001 /* Debug */ = {
			isa = XCBuildConfiguration;
			buildSettings = {
				ALWAYS_SEARCH_USER_PATHS = NO;
				CLANG_ANALYZER_NONNULL = YES;
				CLANG_ANALYZER_NUMBER_OBJECT_CONVERSION = YES_AGGRESSIVE;
				CLANG_CXX_LANGUAGE_STANDARD = "gnu++20";
				CLANG_ENABLE_MODULES = YES;
				CLANG_ENABLE_OBJC_ARC = YES;
				CLANG_ENABLE_OBJC_WEAK = YES;
				CLANG_WARN_BLOCK_CAPTURE_AUTORELEASING = YES;
				CLANG_WARN_BOOL_CONVERSION = YES;
				CLANG_WARN_COMMA = YES;
				CLANG_WARN_CONSTANT_CONVERSION = YES;
				CLANG_WARN_DEPRECATED_OBJC_IMPLEMENTATIONS = YES;
				CLANG_WARN_DIRECT_OBJC_ISA_USAGE = YES_ERROR;
				CLANG_WARN_DOCUMENTATION_COMMENTS = YES;
				CLANG_WARN_EMPTY_BODY = YES;
				CLANG_WARN_ENUM_CONVERSION = YES;
				CLANG_WARN_INFINITE_RECURSION = YES;
				CLANG_WARN_INT_CONVERSION = YES;
				CLANG_WARN_NON_LITERAL_NULL_CONVERSION = YES;
				CLANG_WARN_OBJC_IMPLICIT_RETAIN_SELF = YES;
				CLANG_WARN_OBJC_LITERAL_CONVERSION = YES;
				CLANG_WARN_OBJC_ROOT_CLASS = YES_ERROR;
				CLANG_WARN_QUOTED_INCLUDE_IN_FRAMEWORK_HEADER = YES;
				CLANG_WARN_RANGE_LOOP_ANALYSIS = YES;
				CLANG_WARN_STRICT_PROTOTYPES = YES;
				CLANG_WARN_SUSPICIOUS_MOVE = YES;
				CLANG_WARN_UNGUARDED_AVAILABILITY = YES_AGGRESSIVE;
				CLANG_WARN_UNREACHABLE_CODE = YES;
				CLANG_WARN__DUPLICATE_METHOD_MATCH = YES;
				COPY_PHASE_STRIP = NO;
				DEBUG_INFORMATION_FORMAT = dwarf;
				ENABLE_STRICT_OBJC_MSGSEND = YES;
				ENABLE_TESTABILITY = YES;
				ENABLE_USER_SCRIPT_SANDBOXING = YES;
				GCC_C_LANGUAGE_STANDARD = gnu17;
				GCC_NO_COMMON_BLOCKS = YES;
				GCC_OPTIMIZATION_LEVEL = 0;
				GCC_PREPROCESSOR_DEFINITIONS = ("DEBUG=1", "$(inherited)");
				GCC_WARN_64_TO_32_BIT_CONVERSION = YES;
				GCC_WARN_ABOUT_RETURN_TYPE = YES_ERROR;
				GCC_WARN_UNDECLARED_SELECTOR = YES;
				GCC_WARN_UNINITIALIZED_AUTOS = YES_AGGRESSIVE;
				GCC_WARN_UNUSED_FUNCTION = YES;
				GCC_WARN_UNUSED_VARIABLE = YES;
				IPHONEOS_DEPLOYMENT_TARGET = 17.0;
				MTL_ENABLE_DEBUG_INFO = INCLUDE_SOURCE;
				MTL_FAST_MATH = YES;
				ONLY_ACTIVE_ARCH = YES;
				SDKROOT = iphoneos;
				SWIFT_ACTIVE_COMPILATION_CONDITIONS = "DEBUG $(inherited)";
				SWIFT_OPTIMIZATION_LEVEL = "-Onone";
			};
			name = Debug;
		};
		AA00000A0000000000000002 /* Release */ = {
			isa = XCBuildConfiguration;
			buildSettings = {
				ALWAYS_SEARCH_USER_PATHS = NO;
				CLANG_ANALYZER_NONNULL = YES;
				CLANG_ANALYZER_NUMBER_OBJECT_CONVERSION = YES_AGGRESSIVE;
				CLANG_CXX_LANGUAGE_STANDARD = "gnu++20";
				CLANG_ENABLE_MODULES = YES;
				CLANG_ENABLE_OBJC_ARC = YES;
				CLANG_ENABLE_OBJC_WEAK = YES;
				CLANG_WARN_BLOCK_CAPTURE_AUTORELEASING = YES;
				CLANG_WARN_BOOL_CONVERSION = YES;
				CLANG_WARN_COMMA = YES;
				CLANG_WARN_CONSTANT_CONVERSION = YES;
				CLANG_WARN_DEPRECATED_OBJC_IMPLEMENTATIONS = YES;
				CLANG_WARN_DIRECT_OBJC_ISA_USAGE = YES_ERROR;
				CLANG_WARN_DOCUMENTATION_COMMENTS = YES;
				CLANG_WARN_EMPTY_BODY = YES;
				CLANG_WARN_ENUM_CONVERSION = YES;
				CLANG_WARN_INFINITE_RECURSION = YES;
				CLANG_WARN_INT_CONVERSION = YES;
				CLANG_WARN_NON_LITERAL_NULL_CONVERSION = YES;
				CLANG_WARN_OBJC_IMPLICIT_RETAIN_SELF = YES;
				CLANG_WARN_OBJC_LITERAL_CONVERSION = YES;
				CLANG_WARN_OBJC_ROOT_CLASS = YES_ERROR;
				CLANG_WARN_QUOTED_INCLUDE_IN_FRAMEWORK_HEADER = YES;
				CLANG_WARN_RANGE_LOOP_ANALYSIS = YES;
				CLANG_WARN_STRICT_PROTOTYPES = YES;
				CLANG_WARN_SUSPICIOUS_MOVE = YES;
				CLANG_WARN_UNGUARDED_AVAILABILITY = YES_AGGRESSIVE;
				CLANG_WARN_UNREACHABLE_CODE = YES;
				CLANG_WARN__DUPLICATE_METHOD_MATCH = YES;
				COPY_PHASE_STRIP = NO;
				DEBUG_INFORMATION_FORMAT = "dwarf-with-dsym";
				ENABLE_NS_ASSERTIONS = NO;
				ENABLE_STRICT_OBJC_MSGSEND = YES;
				ENABLE_USER_SCRIPT_SANDBOXING = YES;
				GCC_C_LANGUAGE_STANDARD = gnu17;
				GCC_NO_COMMON_BLOCKS = YES;
				GCC_WARN_64_TO_32_BIT_CONVERSION = YES;
				GCC_WARN_ABOUT_RETURN_TYPE = YES_ERROR;
				GCC_WARN_UNDECLARED_SELECTOR = YES;
				GCC_WARN_UNINITIALIZED_AUTOS = YES_AGGRESSIVE;
				GCC_WARN_UNUSED_FUNCTION = YES;
				GCC_WARN_UNUSED_VARIABLE = YES;
				IPHONEOS_DEPLOYMENT_TARGET = 17.0;
				MTL_ENABLE_DEBUG_INFO = NO;
				MTL_FAST_MATH = YES;
				SDKROOT = iphoneos;
				SWIFT_COMPILATION_MODE = wholemodule;
				VALIDATE_PRODUCT = YES;
			};
			name = Release;
		};
		AA00000A0000000000000003 /* Debug */ = {
			isa = XCBuildConfiguration;
			buildSettings = {
				ASSETCATALOG_COMPILER_APPICON_NAME = AppIcon;
				ASSETCATALOG_COMPILER_GLOBAL_ACCENT_COLOR_NAME = AccentColor;
				CODE_SIGN_ENTITLEMENTS = BodyWeight/BodyWeight.entitlements;
				CODE_SIGN_STYLE = Automatic;
				CURRENT_PROJECT_VERSION = 1;
				ENABLE_PREVIEWS = YES;
				GENERATE_INFOPLIST_FILE = NO;
				INFOPLIST_FILE = BodyWeight/Info.plist;
				LD_RUNPATH_SEARCH_PATHS = ("$(inherited)", "@executable_path/Frameworks");
				MARKETING_VERSION = 1.0;
				PRODUCT_BUNDLE_IDENTIFIER = com.haidaodashushu.BodyWeight;
				PRODUCT_NAME = "$(TARGET_NAME)";
				SUPPORTED_PLATFORMS = "iphoneos iphonesimulator";
				SUPPORTS_MACCATALYST = NO;
				SWIFT_EMIT_LOC_STRINGS = YES;
				SWIFT_VERSION = 5.0;
				TARGETED_DEVICE_FAMILY = 1;
			};
			name = Debug;
		};
		AA00000A0000000000000004 /* Release */ = {
			isa = XCBuildConfiguration;
			buildSettings = {
				ASSETCATALOG_COMPILER_APPICON_NAME = AppIcon;
				ASSETCATALOG_COMPILER_GLOBAL_ACCENT_COLOR_NAME = AccentColor;
				CODE_SIGN_ENTITLEMENTS = BodyWeight/BodyWeight.entitlements;
				CODE_SIGN_STYLE = Automatic;
				CURRENT_PROJECT_VERSION = 1;
				ENABLE_PREVIEWS = YES;
				GENERATE_INFOPLIST_FILE = NO;
				INFOPLIST_FILE = BodyWeight/Info.plist;
				LD_RUNPATH_SEARCH_PATHS = ("$(inherited)", "@executable_path/Frameworks");
				MARKETING_VERSION = 1.0;
				PRODUCT_BUNDLE_IDENTIFIER = com.haidaodashushu.BodyWeight;
				PRODUCT_NAME = "$(TARGET_NAME)";
				SUPPORTED_PLATFORMS = "iphoneos iphonesimulator";
				SUPPORTS_MACCATALYST = NO;
				SWIFT_EMIT_LOC_STRINGS = YES;
				SWIFT_VERSION = 5.0;
				TARGETED_DEVICE_FAMILY = 1;
			};
			name = Release;
		};
/* End XCBuildConfiguration section */

/* Begin XCConfigurationList section */
		AA0000090000000000000001 /* Build configuration list for PBXProject "BodyWeight" */ = {
			isa = XCConfigurationList;
			buildConfigurations = (
				AA00000A0000000000000001 /* Debug */,
				AA00000A0000000000000002 /* Release */,
			);
			defaultConfigurationIsVisible = 0;
			defaultConfigurationName = Release;
		};
		AA0000090000000000000002 /* Build configuration list for PBXNativeTarget "BodyWeight" */ = {
			isa = XCConfigurationList;
			buildConfigurations = (
				AA00000A0000000000000003 /* Debug */,
				AA00000A0000000000000004 /* Release */,
			);
			defaultConfigurationIsVisible = 0;
			defaultConfigurationName = Release;
		};
/* End XCConfigurationList section */
	};
	rootObject = AA0000080000000000000001 /* Project object */;
}
